# This file is autogenerated, do not edit; changes may be undone by the next 'dep ensure'.


[[projects]]
  name = "github.com/satori/go.uuid"
  packages = ["."]
  revision = "879c5887cd475cd7864858769793b2ceb0d44feb"
  version = "v1.1.0"

[[projects]]
  branch = "master"
  name = "github.com/secondbit/wendy"
  packages = ["."]
  revision = "e4601da9fbf96fd1f6e81a18e58db10b57bce3ff"

[solve-meta]
  analyzer-name = "dep"
  analyzer-version = 1
  inputs-digest = "11ea846439f40ede78bfa448736831e3e3de43780a38483046bd870bd18b0701"
  solver-name = "gps-cdcl"
  solver-version = 1
